dependencies:
- name: postgresql
  repository: https://charts.bitnami.com/bitnami
  version: 16.4.1
- name: elasticsearch
  repository: https://charts.bitnami.com/bitnami
  version: 21.4.1
digest: sha256:1f23f06b4eb45fd564d36f107b2d5bc456a547a409bf3427cdf7faa6a8059b4b
generated: "2026-03-26T19:41:29.432420389+01:00"
